{
  "name": "pomaidb-javascript-example",
  "version": "0.1.0",
  "lockfileVersion": 3,
  "requires": true,
  "packages": {
    "": {
      "name": "pomaidb-javascript-example",
      "version": "0.1.0",
      "dependencies": {
        "pomaidb": "file:../../bindings/javascript"
      }
    },
    "../../bindings/javascript": {
      "name": "pomaidb",
      "version": "0.1.0",
      "license": "Apache-2.0",
      "dependencies": {
        "koffi": "^2.9.0"
      }
    },
    "node_modules/pomaidb": {
      "resolved": "../../bindings/javascript",
      "link": true
    }
  }
}
